
Microsoft Visual Studio Solution File, Format Version 12.00
# Visual Studio Version 17
VisualStudioVersion = 17.4.33122.133
MinimumVisualStudioVersion = 10.0.40219.1
Project("{FAE04EC0-301F-11D3-BF4B-00C04F79EFBC}") = "Pizzaria_back", "Pizzaria_back\Pizzaria_back.csproj", "{E9AF5ED0-23FB-43A9-AFD8-8384DD89759B}"
EndProject
Global
	GlobalSection(SolutionConfigurationPlatforms) = preSolution
		Debug|Any CPU = Debug|Any CPU
		Release|Any CPU = Release|Any CPU
	EndGlobalSection
	GlobalSection(ProjectConfigurationPlatforms) = postSolution
		{E9AF5ED0-23FB-43A9-AFD8-8384DD89759B}.Debug|Any CPU.ActiveCfg = Debug|Any CPU
		{E9AF5ED0-23FB-43A9-AFD8-8384DD89759B}.Debug|Any CPU.Build.0 = Debug|Any CPU
		{E9AF5ED0-23FB-43A9-AFD8-8384DD89759B}.Release|Any CPU.ActiveCfg = Release|Any CPU
		{E9AF5ED0-23FB-43A9-AFD8-8384DD89759B}.Release|Any CPU.Build.0 = Release|Any CPU
	EndGlobalSection
	GlobalSection(SolutionProperties) = preSolution
		HideSolutionNode = FALSE
	EndGlobalSection
	GlobalSection(ExtensibilityGlobals) = postSolution
		SolutionGuid = {0A9B414E-E317-45BC-AEE2-EFC39BE0AA98}
	EndGlobalSection
EndGlobal
